
Microsoft Visual Studio Solution File, Format Version 12.00
# Visual Studio Version 16
VisualStudioVersion = 16.0.33214.272
MinimumVisualStudioVersion = 10.0.40219.1
Project("{FAE04EC0-301F-11D3-BF4B-00C04F79EFBC}") = "DiscordBot", "DiscordBot.csproj", "{4C2A0546-2647-40BF-A5FD-931ECF50341B}"
EndProject
Global
	GlobalSection(SolutionConfigurationPlatforms) = preSolution
		Debug|Any CPU = Debug|Any CPU
		Release|Any CPU = Release|Any CPU
	EndGlobalSection
	GlobalSection(ProjectConfigurationPlatforms) = postSolution
		{4C2A0546-2647-40BF-A5FD-931ECF50341B}.Debug|Any CPU.ActiveCfg = Debug|Any CPU
		{4C2A0546-2647-40BF-A5FD-931ECF50341B}.Debug|Any CPU.Build.0 = Debug|Any CPU
		{4C2A0546-2647-40BF-A5FD-931ECF50341B}.Release|Any CPU.ActiveCfg = Release|Any CPU
		{4C2A0546-2647-40BF-A5FD-931ECF50341B}.Release|Any CPU.Build.0 = Release|Any CPU
	EndGlobalSection
	GlobalSection(SolutionProperties) = preSolution
		HideSolutionNode = FALSE
	EndGlobalSection
	GlobalSection(ExtensibilityGlobals) = postSolution
		SolutionGuid = {67E1FBC9-1923-4BB4-AC87-0DE70EBB250C}
	EndGlobalSection
EndGlobal
